
Microsoft Visual Studio Solution File, Format Version 12.00
# Visual Studio Version 16
VisualStudioVersion = 16.0.31424.327
MinimumVisualStudioVersion = 10.0.40219.1
Project("{FAE04EC0-301F-11D3-BF4B-00C04F79EFBC}") = "WebApplication9", "WebApplication9\WebApplication9.csproj", "{6604F972-D80C-424A-BC5E-BF4C27BEB357}"
EndProject
Global
	GlobalSection(SolutionConfigurationPlatforms) = preSolution
		Debug|Any CPU = Debug|Any CPU
		Release|Any CPU = Release|Any CPU
	EndGlobalSection
	GlobalSection(ProjectConfigurationPlatforms) = postSolution
		{6604F972-D80C-424A-BC5E-BF4C27BEB357}.Debug|Any CPU.ActiveCfg = Debug|Any CPU
		{6604F972-D80C-424A-BC5E-BF4C27BEB357}.Debug|Any CPU.Build.0 = Debug|Any CPU
		{6604F972-D80C-424A-BC5E-BF4C27BEB357}.Release|Any CPU.ActiveCfg = Release|Any CPU
		{6604F972-D80C-424A-BC5E-BF4C27BEB357}.Release|Any CPU.Build.0 = Release|Any CPU
	EndGlobalSection
	GlobalSection(SolutionProperties) = preSolution
		HideSolutionNode = FALSE
	EndGlobalSection
	GlobalSection(ExtensibilityGlobals) = postSolution
		SolutionGuid = {6520299C-8AAE-44AF-9FC4-431CAD19FE71}
	EndGlobalSection
EndGlobal
